
Microsoft Visual Studio Solution File, Format Version 12.00
# Visual Studio Version 16
VisualStudioVersion = 16.0.29519.87
MinimumVisualStudioVersion = 10.0.40219.1
Project("{FAE04EC0-301F-11D3-BF4B-00C04F79EFBC}") = "Enums_Drill", "Enums_Drill\Enums_Drill.csproj", "{EF27B21D-27B7-44B1-AB99-068C63382F33}"
EndProject
Global
	GlobalSection(SolutionConfigurationPlatforms) = preSolution
		Debug|Any CPU = Debug|Any CPU
		Release|Any CPU = Release|Any CPU
	EndGlobalSection
	GlobalSection(ProjectConfigurationPlatforms) = postSolution
		{EF27B21D-27B7-44B1-AB99-068C63382F33}.Debug|Any CPU.ActiveCfg = Debug|Any CPU
		{EF27B21D-27B7-44B1-AB99-068C63382F33}.Debug|Any CPU.Build.0 = Debug|Any CPU
		{EF27B21D-27B7-44B1-AB99-068C63382F33}.Release|Any CPU.ActiveCfg = Release|Any CPU
		{EF27B21D-27B7-44B1-AB99-068C63382F33}.Release|Any CPU.Build.0 = Release|Any CPU
	EndGlobalSection
	GlobalSection(SolutionProperties) = preSolution
		HideSolutionNode = FALSE
	EndGlobalSection
	GlobalSection(ExtensibilityGlobals) = postSolution
		SolutionGuid = {8EE8F47E-9A6B-490E-B3C4-2A7F437C02D6}
	EndGlobalSection
EndGlobal
