
Microsoft Visual Studio Solution File, Format Version 12.00
# Visual Studio Version 16
VisualStudioVersion = 16.0.29020.237
MinimumVisualStudioVersion = 10.0.40219.1
Project("{FAE04EC0-301F-11D3-BF4B-00C04F79EFBC}") = "Hello World Drill 1", "Hello World Drill 1\Hello World Drill 1.csproj", "{9A0ABFB9-1E44-422F-A697-637EEDCDFEB9}"
EndProject
Global
	GlobalSection(SolutionConfigurationPlatforms) = preSolution
		Debug|Any CPU = Debug|Any CPU
		Release|Any CPU = Release|Any CPU
	EndGlobalSection
	GlobalSection(ProjectConfigurationPlatforms) = postSolution
		{9A0ABFB9-1E44-422F-A697-637EEDCDFEB9}.Debug|Any CPU.ActiveCfg = Debug|Any CPU
		{9A0ABFB9-1E44-422F-A697-637EEDCDFEB9}.Debug|Any CPU.Build.0 = Debug|Any CPU
		{9A0ABFB9-1E44-422F-A697-637EEDCDFEB9}.Release|Any CPU.ActiveCfg = Release|Any CPU
		{9A0ABFB9-1E44-422F-A697-637EEDCDFEB9}.Release|Any CPU.Build.0 = Release|Any CPU
	EndGlobalSection
	GlobalSection(SolutionProperties) = preSolution
		HideSolutionNode = FALSE
	EndGlobalSection
	GlobalSection(ExtensibilityGlobals) = postSolution
		SolutionGuid = {17219BDE-3B57-4AE7-8A93-F0029FAC1D8B}
	EndGlobalSection
EndGlobal
