
Microsoft Visual Studio Solution File, Format Version 12.00
# Visual Studio Version 16
VisualStudioVersion = 16.0.29519.87
MinimumVisualStudioVersion = 10.0.40219.1
Project("{FAE04EC0-301F-11D3-BF4B-00C04F79EFBC}") = "Parameters(2)Drill", "Parameters(2)Drill\Parameters(2)Drill.csproj", "{14229B00-2B6C-4B68-9EE0-0724272AE5CB}"
EndProject
Global
	GlobalSection(SolutionConfigurationPlatforms) = preSolution
		Debug|Any CPU = Debug|Any CPU
		Release|Any CPU = Release|Any CPU
	EndGlobalSection
	GlobalSection(ProjectConfigurationPlatforms) = postSolution
		{14229B00-2B6C-4B68-9EE0-0724272AE5CB}.Debug|Any CPU.ActiveCfg = Debug|Any CPU
		{14229B00-2B6C-4B68-9EE0-0724272AE5CB}.Debug|Any CPU.Build.0 = Debug|Any CPU
		{14229B00-2B6C-4B68-9EE0-0724272AE5CB}.Release|Any CPU.ActiveCfg = Release|Any CPU
		{14229B00-2B6C-4B68-9EE0-0724272AE5CB}.Release|Any CPU.Build.0 = Release|Any CPU
	EndGlobalSection
	GlobalSection(SolutionProperties) = preSolution
		HideSolutionNode = FALSE
	EndGlobalSection
	GlobalSection(ExtensibilityGlobals) = postSolution
		SolutionGuid = {275B9DBA-722E-493E-BB3F-9DAC55D4A340}
	EndGlobalSection
EndGlobal
