
Microsoft Visual Studio Solution File, Format Version 12.00
# Visual Studio Version 16
VisualStudioVersion = 16.0.28803.452
MinimumVisualStudioVersion = 10.0.40219.1
Project("{FAE04EC0-301F-11D3-BF4B-00C04F79EFBC}") = "Loops", "Loops\Loops.csproj", "{FFFFA5B3-D3BA-4152-AC22-3B319528374D}"
EndProject
Global
	GlobalSection(SolutionConfigurationPlatforms) = preSolution
		Debug|Any CPU = Debug|Any CPU
		Release|Any CPU = Release|Any CPU
	EndGlobalSection
	GlobalSection(ProjectConfigurationPlatforms) = postSolution
		{FFFFA5B3-D3BA-4152-AC22-3B319528374D}.Debug|Any CPU.ActiveCfg = Debug|Any CPU
		{FFFFA5B3-D3BA-4152-AC22-3B319528374D}.Debug|Any CPU.Build.0 = Debug|Any CPU
		{FFFFA5B3-D3BA-4152-AC22-3B319528374D}.Release|Any CPU.ActiveCfg = Release|Any CPU
		{FFFFA5B3-D3BA-4152-AC22-3B319528374D}.Release|Any CPU.Build.0 = Release|Any CPU
	EndGlobalSection
	GlobalSection(SolutionProperties) = preSolution
		HideSolutionNode = FALSE
	EndGlobalSection
	GlobalSection(ExtensibilityGlobals) = postSolution
		SolutionGuid = {D396E3EB-468D-4CF3-A82D-30369D556E35}
	EndGlobalSection
EndGlobal
