
Microsoft Visual Studio Solution File, Format Version 12.00
# Visual Studio Version 16
VisualStudioVersion = 16.0.29519.87
MinimumVisualStudioVersion = 10.0.40219.1
Project("{FAE04EC0-301F-11D3-BF4B-00C04F79EFBC}") = "Parameters", "Parameters\Parameters.csproj", "{5046E651-6826-4EA6-A72E-F91598B22525}"
EndProject
Global
	GlobalSection(SolutionConfigurationPlatforms) = preSolution
		Debug|Any CPU = Debug|Any CPU
		Release|Any CPU = Release|Any CPU
	EndGlobalSection
	GlobalSection(ProjectConfigurationPlatforms) = postSolution
		{5046E651-6826-4EA6-A72E-F91598B22525}.Debug|Any CPU.ActiveCfg = Debug|Any CPU
		{5046E651-6826-4EA6-A72E-F91598B22525}.Debug|Any CPU.Build.0 = Debug|Any CPU
		{5046E651-6826-4EA6-A72E-F91598B22525}.Release|Any CPU.ActiveCfg = Release|Any CPU
		{5046E651-6826-4EA6-A72E-F91598B22525}.Release|Any CPU.Build.0 = Release|Any CPU
	EndGlobalSection
	GlobalSection(SolutionProperties) = preSolution
		HideSolutionNode = FALSE
	EndGlobalSection
	GlobalSection(ExtensibilityGlobals) = postSolution
		SolutionGuid = {482C732E-EAB2-481B-B8B7-485710E541AB}
	EndGlobalSection
EndGlobal
