
Microsoft Visual Studio Solution File, Format Version 12.00
# Visual Studio Version 16
VisualStudioVersion = 16.0.29519.87
MinimumVisualStudioVersion = 10.0.40219.1
Project("{FAE04EC0-301F-11D3-BF4B-00C04F79EFBC}") = "Generics_Drill", "Generics_Drill\Generics_Drill.csproj", "{9ADB7245-AC5B-4F73-9A6A-93E29B8A00F1}"
EndProject
Global
	GlobalSection(SolutionConfigurationPlatforms) = preSolution
		Debug|Any CPU = Debug|Any CPU
		Release|Any CPU = Release|Any CPU
	EndGlobalSection
	GlobalSection(ProjectConfigurationPlatforms) = postSolution
		{9ADB7245-AC5B-4F73-9A6A-93E29B8A00F1}.Debug|Any CPU.ActiveCfg = Debug|Any CPU
		{9ADB7245-AC5B-4F73-9A6A-93E29B8A00F1}.Debug|Any CPU.Build.0 = Debug|Any CPU
		{9ADB7245-AC5B-4F73-9A6A-93E29B8A00F1}.Release|Any CPU.ActiveCfg = Release|Any CPU
		{9ADB7245-AC5B-4F73-9A6A-93E29B8A00F1}.Release|Any CPU.Build.0 = Release|Any CPU
	EndGlobalSection
	GlobalSection(SolutionProperties) = preSolution
		HideSolutionNode = FALSE
	EndGlobalSection
	GlobalSection(ExtensibilityGlobals) = postSolution
		SolutionGuid = {953A25B1-25F1-4199-9647-AFE635BDA6DA}
	EndGlobalSection
EndGlobal
